
Microsoft Visual Studio Solution File, Format Version 12.00
# Visual Studio 15
VisualStudioVersion = 15.0.27703.2035
MinimumVisualStudioVersion = 10.0.40219.1
Project("{FAE04EC0-301F-11D3-BF4B-00C04F79EFBC}") = "Algorithms", "Algorithms\Algorithms.csproj", "{2501783A-6A3E-4060-A651-855BBED4C6FA}"
EndProject
Project("{FAE04EC0-301F-11D3-BF4B-00C04F79EFBC}") = "SortTests", "SortTests\SortTests.csproj", "{8E8549AD-354D-47AD-8DBF-2FB6862C7FB2}"
EndProject
Global
	GlobalSection(SolutionConfigurationPlatforms) = preSolution
		Debug|Any CPU = Debug|Any CPU
		Release|Any CPU = Release|Any CPU
	EndGlobalSection
	GlobalSection(ProjectConfigurationPlatforms) = postSolution
		{2501783A-6A3E-4060-A651-855BBED4C6FA}.Debug|Any CPU.ActiveCfg = Debug|Any CPU
		{2501783A-6A3E-4060-A651-855BBED4C6FA}.Debug|Any CPU.Build.0 = Debug|Any CPU
		{2501783A-6A3E-4060-A651-855BBED4C6FA}.Release|Any CPU.ActiveCfg = Release|Any CPU
		{2501783A-6A3E-4060-A651-855BBED4C6FA}.Release|Any CPU.Build.0 = Release|Any CPU
		{8E8549AD-354D-47AD-8DBF-2FB6862C7FB2}.Debug|Any CPU.ActiveCfg = Debug|Any CPU
		{8E8549AD-354D-47AD-8DBF-2FB6862C7FB2}.Debug|Any CPU.Build.0 = Debug|Any CPU
		{8E8549AD-354D-47AD-8DBF-2FB6862C7FB2}.Release|Any CPU.ActiveCfg = Release|Any CPU
		{8E8549AD-354D-47AD-8DBF-2FB6862C7FB2}.Release|Any CPU.Build.0 = Release|Any CPU
	EndGlobalSection
	GlobalSection(SolutionProperties) = preSolution
		HideSolutionNode = FALSE
	EndGlobalSection
	GlobalSection(ExtensibilityGlobals) = postSolution
		SolutionGuid = {CEEA0F6A-8764-4586-A0BF-4371556921CE}
	EndGlobalSection
EndGlobal
